# This file is automatically @generated by Poetry 2.1.3 and should not be changed by hand.

[[package]]
name = "aiofile"
version = "3.9.0"
description = "Asynchronous file operations."
optional = false
python-versions = "<4,>=3.8"
groups = ["main"]
files = [
    {file = "aiofile-3.9.0-py3-none-any.whl", hash = "sha256:ce2f6c1571538cbdfa0143b04e16b208ecb0e9cb4148e528af8a640ed51cc8aa"},
    {file = "aiofile-3.9.0.tar.gz", hash = "sha256:e5ad718bb148b265b6df1b3752c4d1d83024b93da9bd599df74b9d9ffcf7919b"},
]

[package.dependencies]
caio = ">=0.9.0,<0.10.0"

[[package]]
name = "anyio"
version = "3.6.2"
description = "High level compatibility layer for multiple asynchronous event loop implementations"
optional = false
python-versions = ">=3.6.2"
groups = ["main"]
files = [
    {file = "anyio-3.6.2-py3-none-any.whl", hash = "sha256:fbbe32bd270d2a2ef3ed1c5d45041250284e31fc0a4df4a5a6071842051a51e3"},
    {file = "anyio-3.6.2.tar.gz", hash = "sha256:25ea0d673ae30af41a0c442f81cf3b38c7e79fdc7b60335a4c14e05eb0947421"},
]

[package.dependencies]
idna = ">=2.8"
sniffio = ">=1.1"

[package.extras]
doc = ["packaging", "sphinx-autodoc-typehints (>=1.2.0)", "sphinx-rtd-theme"]
test = ["contextlib2 ; python_version < \"3.7\"", "coverage[toml] (>=4.5)", "hypothesis (>=4.0)", "mock (>=4) ; python_version < \"3.8\"", "pytest (>=7.0)", "pytest-mock (>=3.6.1)", "trustme", "uvloop (<0.15) ; python_version < \"3.7\" and platform_python_implementation == \"CPython\" and platform_system != \"Windows\"", "uvloop (>=0.15) ; python_version >= \"3.7\" and platform_python_implementation == \"CPython\" and platform_system != \"Windows\""]
trio = ["trio (>=0.16,<0.22)"]

[[package]]
name = "caio"
version = "0.9.12"
description = "Asynchronous file IO for Linux MacOS or Windows."
optional = false
python-versions = ">=3.7, <4"
groups = ["main"]
files = [
    {file = "caio-0.9.12-cp310-cp310-macosx_10_9_universal2.whl", hash = "sha256:df395e7e1c2025b3f32dbeff20a8b6491959fac8fbd5a9c2d452bf1f5c0ca2bf"},
    {file = "caio-0.9.12-cp310-cp310-macosx_11_0_x86_64.whl", hash = "sha256:acd31b7828c6683bc46e467a32359f08c686d4c25a7e645c029a07c36685fea7"},
    {file = "caio-0.9.12-cp310-cp310-manylinux_2_12_x86_64.manylinux2010_x86_64.manylinux_2_17_x86_64.manylinux2014_x86_64.whl", hash = "sha256:c0b7ffb561ca5c24e7f080aaa73ebb143ae659bd69645a748b332762c389349f"},
    {file = "caio-0.9.12-cp310-cp310-manylinux_2_17_aarch64.manylinux2014_aarch64.whl", hash = "sha256:6285d772ae3a55e758b1bd3bc34f095757e4af45dcc30a183becf9bbdead8ced"},
    {file = "caio-0.9.12-cp311-cp311-macosx_10_9_universal2.whl", hash = "sha256:18df0caecfaa90ab9ac84ff71975fcf2342554b6f65ef69049337204b8b5af42"},
    {file = "caio-0.9.12-cp311-cp311-manylinux_2_12_x86_64.manylinux2010_x86_64.manylinux_2_17_x86_64.manylinux2014_x86_64.whl", hash = "sha256:7e569b83e9b41d12e094190d0e1a546610829a65609f429a1845e3250d4c5804"},
    {file = "caio-0.9.12-cp311-cp311-manylinux_2_17_aarch64.manylinux2014_aarch64.whl", hash = "sha256:7833f81f58e76a3585ff59813e63fa278731c8d26fefe52ae12e783d38c8faea"},
    {file = "caio-0.9.12-cp37-cp37m-macosx_10_15_x86_64.whl", hash = "sha256:aa1dab77aca0b2672b9a364f14a03e764c5d811c0ae1395f661a2b8f6723f958"},
    {file = "caio-0.9.12-cp37-cp37m-macosx_10_9_x86_64.whl", hash = "sha256:f366c595eda130a184f372d458d647b0ac879a46e872757648d4e29b6cea12ad"},
    {file = "caio-0.9.12-cp37-cp37m-manylinux_2_12_x86_64.manylinux2010_x86_64.manylinux_2_17_x86_64.manylinux2014_x86_64.whl", hash = "sha256:2759fe1957d0effb3bc38b3508b20fa37610bff9005f3926f570e6c06e901567"},
    {file = "caio-0.9.12-cp37-cp37m-manylinux_2_17_aarch64.manylinux2014_aarch64.whl", hash = "sha256:9e65060717e27c702cd76a90be33250cae46be32a3009781ce382c8675fa7551"},
    {file = "caio-0.9.12-cp38-cp38-macosx_10_15_x86_64.whl", hash = "sha256:a8204c6a7ea3c96057abba3da1690190b3cae0c3f03d81e9b5e3c99978b5bb6e"},
    {file = "caio-0.9.12-cp38-cp38-macosx_11_0_universal2.whl", hash = "sha256:820bb3ef23ce0d4096f822a8fea97ff2c239dd0351fa588801d2de627df9ab98"},
    {file = "caio-0.9.12-cp38-cp38-manylinux_2_12_x86_64.manylinux2010_x86_64.manylinux_2_17_x86_64.manylinux2014_x86_64.whl", hash = "sha256:aa9a27973a03c777934decd577be577a61a188bee72272b3dc37a7cbc5eedf91"},
    {file = "caio-0.9.12-cp38-cp38-manylinux_2_17_aarch64.manylinux2014_aarch64.whl", hash = "sha256:3d6b424644ac37ce84f9dd99757d29e7cff01018d3b31f8ec0a38f2d5216165c"},
    {file = "caio-0.9.12-cp39-cp39-macosx_10_9_universal2.whl", hash = "sha256:15192a28e054cd591489af82f4b1093f15338eb201a2399a337461ff0bbd9fc9"},
    {file = "caio-0.9.12-cp39-cp39-macosx_11_0_x86_64.whl", hash = "sha256:55317d2c90479a58108cfbd6816b85e584e61c48b42269c55f69cf4443857068"},
    {file = "caio-0.9.12-cp39-cp39-manylinux_2_12_x86_64.manylinux2010_x86_64.manylinux_2_17_x86_64.manylinux2014_x86_64.whl", hash = "sha256:b18318d04cad7ef985fc2fb86d43f866ba34c1ee3445385f2370d6f843c05c69"},
    {file = "caio-0.9.12-cp39-cp39-manylinux_2_17_aarch64.manylinux2014_aarch64.whl", hash = "sha256:73c20d8fc7dfb140b7d57e69e6f17e1637d2ac4a9ebe0f5f8c94b56f87c5c087"},
    {file = "caio-0.9.12-py3-none-any.whl", hash = "sha256:b81b3271478e91f18e7ac1f3e4f914ba0924364857ba8e27f03b9d0aea915ca8"},
    {file = "caio-0.9.12.tar.gz", hash = "sha256:d2be553738dd793f8a01a60316f2c5284fbf152219241c0c67ca05f650a37a37"},
]

[package.extras]
develop = ["aiomisc-pytest", "pytest", "pytest-cov"]

[[package]]
name = "certifi"
version = "2022.12.7"
description = "Python package for providing Mozilla's CA Bundle."
optional = false
python-versions = ">=3.6"
groups = ["main"]
files = [
    {file = "certifi-2022.12.7-py3-none-any.whl", hash = "sha256:4ad3232f5e926d6718ec31cfc1fcadfde020920e278684144551c91769c7bc18"},
    {file = "certifi-2022.12.7.tar.gz", hash = "sha256:35824b4c3a97115964b408844d64aa14db1cc518f6562e8d7261699d1350a9e3"},
]

[[package]]
name = "colorama"
version = "0.4.6"
description = "Cross-platform colored terminal text."
optional = true
python-versions = "!=3.0.*,!=3.1.*,!=3.2.*,!=3.3.*,!=3.4.*,!=3.5.*,!=3.6.*,>=2.7"
groups = ["main"]
markers = "extra == \"ui\" and platform_system == \"Windows\""
files = [
    {file = "colorama-0.4.6-py2.py3-none-any.whl", hash = "sha256:4f1d9991f5acc0ca119f9d443620b77f9d6b33703e51011c16baf57afb285fc6"},
    {file = "colorama-0.4.6.tar.gz", hash = "sha256:08695f5cb7ed6e0531a20572697297273c47b8cae5a63ffc6d6ed5c201be6e44"},
]

[[package]]
name = "coloredlogs"
version = "15.0.1"
description = "Colored terminal output for Python's logging module"
optional = true
python-versions = ">=2.7, !=3.0.*, !=3.1.*, !=3.2.*, !=3.3.*, !=3.4.*"
groups = ["main"]
markers = "extra == \"ui\""
files = [
    {file = "coloredlogs-15.0.1-py2.py3-none-any.whl", hash = "sha256:612ee75c546f53e92e70049c9dbfcc18c935a2b9a53b66085ce9ef6a6e5c0934"},
    {file = "coloredlogs-15.0.1.tar.gz", hash = "sha256:7c991aa71a4577af2f82600d8f8f3a89f936baeaf9b50a9c197da014e5bf16b0"},
]

[package.dependencies]
humanfriendly = ">=9.1"

[package.extras]
cron = ["capturer (>=2.4)"]

[[package]]
name = "cryptg"
version = "0.5.0.post0"
description = "Cryptographic utilities for Telegram."
optional = true
python-versions = ">=3.7"
groups = ["main"]
markers = "extra == \"speedups\""
files = [
    {file = "cryptg-0.5.0.post0-cp310-cp310-macosx_11_0_arm64.whl", hash = "sha256:9eb089ab72d52cb900458aac46986b6f41b3b2ddf0ffd4b82a2e88f01eac3b93"},
    {file = "cryptg-0.5.0.post0-cp310-cp310-manylinux_2_17_aarch64.manylinux2014_aarch64.whl", hash = "sha256:028c5a8f39f491e374d9d3d73d7d1767097a960437a01dda112bdd37767ca9c0"},
    {file = "cryptg-0.5.0.post0-cp310-cp310-manylinux_2_17_x86_64.manylinux2014_x86_64.whl", hash = "sha256:5e30ee45b6dfdd6cc5293bf74f163449c72887012d881780cf77aa712e5165b3"},
    {file = "cryptg-0.5.0.post0-cp310-cp310-manylinux_2_5_i686.manylinux1_i686.manylinux_2_17_i686.manylinux2014_i686.whl", hash = "sha256:7519deefe2df2851d1f4963443de2ba461c8272c98cbcc612a0a157fd2ad4840"},
    {file = "cryptg-0.5.0.post0-cp310-cp310-win32.whl", hash = "sha256:13b0734217d38eaa41f752570bc0b3689e69180e8e381b872542a24cf7cc6931"},
    {file = "cryptg-0.5.0.post0-cp310-cp310-win_amd64.whl", hash = "sha256:45997ddb2cba61c3c9eeb96acf2dd9d4546677858754f7562e8db09a0d31edea"},
    {file = "cryptg-0.5.0.post0-cp311-cp311-macosx_11_0_arm64.whl", hash = "sha256:d82293ea2515fe38300824fc075f5d4ec3e0fd3142a9ada1d88dae4f553eefec"},
    {file = "cryptg-0.5.0.post0-cp311-cp311-manylinux_2_17_aarch64.manylinux2014_aarch64.whl", hash = "sha256:c2c066b4a2ee4ed90298d557cac19db9c834bd7e4e8435a1e024393155b850bf"},
    {file = "cryptg-0.5.0.post0-cp311-cp311-manylinux_2_17_x86_64.manylinux2014_x86_64.whl", hash = "sha256:209cf9a499e9cdb91580c8a5f9a3b7e475514016352350aea3d0a58656d4c2fe"},
    {file = "cryptg-0.5.0.post0-cp311-cp311-manylinux_2_5_i686.manylinux1_i686.manylinux_2_17_i686.manylinux2014_i686.whl", hash = "sha256:f6e144749355ee2a3473a2c295f8178b58e8bbf127d45bbc670a30df0e44b27b"},
    {file = "cryptg-0.5.0.post0-cp311-cp311-win32.whl", hash = "sha256:2ea4ac6a1b8677c41b0df368be7779ed19b07ef033a290d35b0bf2d202a34ca9"},
    {file = "cryptg-0.5.0.post0-cp311-cp311-win_amd64.whl", hash = "sha256:882f12602db8d1021271a83275fb5b56bd6dbea22a6de086c26f4a22263d6c53"},
    {file = "cryptg-0.5.0.post0-cp312-cp312-macosx_11_0_arm64.whl", hash = "sha256:39795b25237da4ca6140cf4c2924807bfb683e528823ebbbae45b95f174ec903"},
    {file = "cryptg-0.5.0.post0-cp312-cp312-manylinux_2_17_aarch64.manylinux2014_aarch64.whl", hash = "sha256:84f6b6f623d894ff88429805b7a1670f43df7dd05a71edc2f3c7b34175182c99"},
    {file = "cryptg-0.5.0.post0-cp312-cp312-manylinux_2_17_x86_64.manylinux2014_x86_64.whl", hash = "sha256:9107b7daf308b453f00635f0491e4e658034925f19aa8d6623c73fe4e5764178"},
    {file = "cryptg-0.5.0.post0-cp312-cp312-manylinux_2_5_i686.manylinux1_i686.manylinux_2_17_i686.manylinux2014_i686.whl", hash = "sha256:96da29d91bab292a7f91c43e27367529b5e9e81c894ceea29055460d0fe86346"},
    {file = "cryptg-0.5.0.post0-cp312-cp312-win32.whl", hash = "sha256:2ff7f381746f0fcec3b8a25f5d39b9f7c84d7c59d5d27d5c4d53c6b2ba927a98"},
    {file = "cryptg-0.5.0.post0-cp312-cp312-win_amd64.whl", hash = "sha256:cef8ed1144e11b3fbb85c2bddac45a783fedec7e7a78980b195a9b217087c619"},
    {file = "cryptg-0.5.0.post0-cp313-cp313-macosx_11_0_arm64.whl", hash = "sha256:9dfc86e0a4b200585b0d0a0ab349738f22b8ff9d14621ed7b37a2a415b78c3a5"},
    {file = "cryptg-0.5.0.post0-cp313-cp313-manylinux_2_17_aarch64.manylinux2014_aarch64.whl", hash = "sha256:9abb52b4d6c275f7148acec5a712c9731280794cd46b4e0fae8c6428f7ba5858"},
    {file = "cryptg-0.5.0.post0-cp313-cp313-manylinux_2_17_x86_64.manylinux2014_x86_64.whl", hash = "sha256:852e88327fc0050c47a1973e0ca33ffb7211c3d739965bff923fc202aeda1567"},
    {file = "cryptg-0.5.0.post0-cp313-cp313-manylinux_2_5_i686.manylinux1_i686.manylinux_2_17_i686.manylinux2014_i686.whl", hash = "sha256:feb3dc38d1766470239c76ca2f5003d8233d3a179a342e8731d5c5c6c57c08c9"},
    {file = "cryptg-0.5.0.post0-cp313-cp313-win32.whl", hash = "sha256:2adfb6ddeb7be5678121e254b7d113e6f25923a8c9c41dff2b7c777eb6b318ff"},
    {file = "cryptg-0.5.0.post0-cp313-cp313-win_amd64.whl", hash = "sha256:e0666f1d4dc551c1cb86378b7adf4d927a1a79fafd9c25e88bda1de43e6d1f7b"},
    {file = "cryptg-0.5.0.post0-cp37-cp37m-manylinux_2_17_aarch64.manylinux2014_aarch64.whl", hash = "sha256:2b576af2135cc8238cd0a9fc1fe80b0b67b39e80ebd94d34235d1fc0da406ee1"},
    {file = "cryptg-0.5.0.post0-cp37-cp37m-manylinux_2_17_x86_64.manylinux2014_x86_64.whl", hash = "sha256:9595969e5e52885be4f0c7498891dbec462e0606924320f5cd229248758f1866"},
    {file = "cryptg-0.5.0.post0-cp37-cp37m-manylinux_2_5_i686.manylinux1_i686.manylinux_2_17_i686.manylinux2014_i686.whl", hash = "sha256:896e327143e103ce7690ac140e67492a890b0b4ec0d52d5db1701c5e140b52f1"},
    {file = "cryptg-0.5.0.post0-cp37-cp37m-win32.whl", hash = "sha256:0c93d1744b9bcc15244bf343a63c8248c78ba920129ecbbe08fb6b17c40b5797"},
    {file = "cryptg-0.5.0.post0-cp37-cp37m-win_amd64.whl", hash = "sha256:32c37eaeb26a5360735520c03f5a499b43c9d0787f2fb6f34fca7d5ad71789e2"},
    {file = "cryptg-0.5.0.post0-cp38-cp38-macosx_11_0_arm64.whl", hash = "sha256:3872fdf62cb5a977a5d4c2a76c808c7bea3559350f468e902c8da4b67a8375e7"},
    {file = "cryptg-0.5.0.post0-cp38-cp38-manylinux_2_17_aarch64.manylinux2014_aarch64.whl", hash = "sha256:99481f08c52a5d5f3bc5889d45cf75b9c69ed15c537f369ffe77ca5c365fdab0"},
    {file = "cryptg-0.5.0.post0-cp38-cp38-manylinux_2_17_x86_64.manylinux2014_x86_64.whl", hash = "sha256:eb525eb3e2af680c66e82a73256e54f50c7fd5dd648555e350451a3661c8944d"},
    {file = "cryptg-0.5.0.post0-cp38-cp38-manylinux_2_5_i686.manylinux1_i686.manylinux_2_17_i686.manylinux2014_i686.whl", hash = "sha256:1278f2e6a9f349d9a6bbdfd900dd0784a07bc182f05de694628bec18077b922d"},
    {file = "cryptg-0.5.0.post0-cp38-cp38-win32.whl", hash = "sha256:cad91aafaa06468237eeb03004ff4b0664e4f69cfb473f6159707c23b08198c4"},
    {file = "cryptg-0.5.0.post0-cp38-cp38-win_amd64.whl", hash = "sha256:b6dd75e7ec26fdc9747ad6d4ca1aba6ad366b8c246976714e499a58d8e52f03a"},
    {file = "cryptg-0.5.0.post0-cp39-cp39-macosx_11_0_arm64.whl", hash = "sha256:d9965ecb7e981bd3a5c4f7ead90007acae21622f73f9cc71df8fdb43f9fce5a4"},
    {file = "cryptg-0.5.0.post0-cp39-cp39-manylinux_2_17_aarch64.manylinux2014_aarch64.whl", hash = "sha256:a5f61d0bf0ce197c6d96e8abe9e810de206bf010e41b645d4b06bd416108de47"},
    {file = "cryptg-0.5.0.post0-cp39-cp39-manylinux_2_17_x86_64.manylinux2014_x86_64.whl", hash = "sha256:b589c0e3d45ff3fcfd357d31be05669aa5735c912e4f93d26b34dd6e86f878a3"},
    {file = "cryptg-0.5.0.post0-cp39-cp39-manylinux_2_5_i686.manylinux1_i686.manylinux_2_17_i686.manylinux2014_i686.whl", hash = "sha256:cb72af3ba1b8e9f39c8990a32c355b9fd7f26ee6b377303bba240f857ff6478d"},
    {file = "cryptg-0.5.0.post0-cp39-cp39-win32.whl", hash = "sha256:1baeff7a8a208998d4f8512833586199058310e058f301834ceec621cbf4618a"},
    {file = "cryptg-0.5.0.post0-cp39-cp39-win_amd64.whl", hash = "sha256:5d3505c47b1e65775802b28f103b352ef9f6140d3e1004bb8afa5c2a09675f3e"},
    {file = "cryptg-0.5.0.post0-pp310-pypy310_pp73-macosx_11_0_arm64.whl", hash = "sha256:5451cf4a0ec7535a3cef10789b8e40ccd17dff90afd65627df56307dd00a1bf1"},
    {file = "cryptg-0.5.0.post0-pp310-pypy310_pp73-manylinux_2_17_aarch64.manylinux2014_aarch64.whl", hash = "sha256:6795041b09f68e11050921599be33868b0d9ebb47cb84443392dd847516659f3"},
    {file = "cryptg-0.5.0.post0-pp310-pypy310_pp73-manylinux_2_17_x86_64.manylinux2014_x86_64.whl", hash = "sha256:1105e5035a28eba4878ff937032b873af66606c0a5bf2deadee0216f0aef067d"},
    {file = "cryptg-0.5.0.post0-pp310-pypy310_pp73-manylinux_2_5_i686.manylinux1_i686.manylinux_2_17_i686.manylinux2014_i686.whl", hash = "sha256:cd3b8b790dca04ad9cc755383cd563f032027271d9bd763f9486ec527daa909e"},
    {file = "cryptg-0.5.0.post0-pp310-pypy310_pp73-win_amd64.whl", hash = "sha256:cb7d27457634179fa3c1f8b20d70a81b6fa05e21e695c7c65b3c6dbaf72a247c"},
    {file = "cryptg-0.5.0.post0-pp37-pypy37_pp73-manylinux_2_17_aarch64.manylinux2014_aarch64.whl", hash = "sha256:a37317f617dc4c1e0b0b042712948b2c817703e8e9334da3a9e5f24c31fbfc32"},
    {file = "cryptg-0.5.0.post0-pp37-pypy37_pp73-manylinux_2_17_x86_64.manylinux2014_x86_64.whl", hash = "sha256:7284e58ad588413e50bc66e29f6441734af5cdbf21504ee3ba2dea079b9fbc86"},
    {file = "cryptg-0.5.0.post0-pp37-pypy37_pp73-manylinux_2_5_i686.manylinux1_i686.manylinux_2_17_i686.manylinux2014_i686.whl", hash = "sha256:ec43094134043a594e1e19036749608c788c3b21bbf5a56f76a723ea2facc865"},
    {file = "cryptg-0.5.0.post0-pp37-pypy37_pp73-win_amd64.whl", hash = "sha256:cb8eb05d872291db96317c332adfe86350c0ce06c1ca6704133bdcef95e383fd"},
    {file = "cryptg-0.5.0.post0-pp38-pypy38_pp73-macosx_11_0_arm64.whl", hash = "sha256:caec1871de5798f504a62bfb004f2060e60ea4edad636a298f176335e0976ffc"},
    {file = "cryptg-0.5.0.post0-pp38-pypy38_pp73-manylinux_2_17_aarch64.manylinux2014_aarch64.whl", hash = "sha256:277985cefe02e0bd027316ee2daacff29387af6b930c44bd1e1ffba37ddc1c8d"},
    {file = "cryptg-0.5.0.post0-pp38-pypy38_pp73-manylinux_2_17_x86_64.manylinux2014_x86_64.whl", hash = "sha256:0d53a9fea1c6331418a60b9a93db3d6dac5e54fa10f1d4b8f8b77107c58bbaaa"},
    {file = "cryptg-0.5.0.post0-pp38-pypy38_pp73-manylinux_2_5_i686.manylinux1_i686.manylinux_2_17_i686.manylinux2014_i686.whl", hash = "sha256:ecf7b9be44d9edb50e3ae5a4afb3caa952c707c62b327772abacfacf72b50c76"},
    {file = "cryptg-0.5.0.post0-pp38-pypy38_pp73-win_amd64.whl", hash = "sha256:fc270c303989ddfbb961bac0aa84a98eb57de2e1462089a003ad14f375d1b72d"},
    {file = "cryptg-0.5.0.post0-pp39-pypy39_pp73-macosx_11_0_arm64.whl", hash = "sha256:f417cd83bc39b62c0183bfd87d1f47487eb0380dfecc4227aa0f262710e28ecc"},
    {file = "cryptg-0.5.0.post0-pp39-pypy39_pp73-manylinux_2_17_aarch64.manylinux2014_aarch64.whl", hash = "sha256:70a751732f55e611106561c8db74c0de77e22bfe5d7f7b902bb0f0bf783a42e7"},
    {file = "cryptg-0.5.0.post0-pp39-pypy39_pp73-manylinux_2_17_x86_64.manylinux2014_x86_64.whl", hash = "sha256:c9ebd0e32d67d835b306d076e39b68b05dc178d7723a35397550af24eb87d280"},
    {file = "cryptg-0.5.0.post0-pp39-pypy39_pp73-manylinux_2_5_i686.manylinux1_i686.manylinux_2_17_i686.manylinux2014_i686.whl", hash = "sha256:ec12886a4131aab2b23b434cbec5e8ad88faf8824421f4070b808e2123a1c102"},
    {file = "cryptg-0.5.0.post0-pp39-pypy39_pp73-win_amd64.whl", hash = "sha256:0b4a03a838843d7980bd3a476d3e594883f41ab510da65f34e0d37b35025199c"},
    {file = "cryptg-0.5.0.post0.tar.gz", hash = "sha256:be5b36e662a73c9b2f1e02e4f0d71b0f97870e514e924d5988d7253a780e3a7b"},
]

[[package]]
name = "h11"
version = "0.16.0"
description = "A pure-Python, bring-your-own-I/O implementation of HTTP/1.1"
optional = false
python-versions = ">=3.8"
groups = ["main"]
files = [
    {file = "h11-0.16.0-py3-none-any.whl", hash = "sha256:63cf8bbe7522de3bf65932fda1d9c2772064ffb3dae62d55932da54b31cb6c86"},
    {file = "h11-0.16.0.tar.gz", hash = "sha256:4e35b956cf45792e4caa5885e69fba00bdbc6ffafbfa020300e549b208ee5ff1"},
]

[[package]]
name = "h2"
version = "4.1.0"
description = "HTTP/2 State-Machine based protocol implementation"
optional = false
python-versions = ">=3.6.1"
groups = ["main"]
files = [
    {file = "h2-4.1.0-py3-none-any.whl", hash = "sha256:03a46bcf682256c95b5fd9e9a99c1323584c3eec6440d379b9903d709476bc6d"},
    {file = "h2-4.1.0.tar.gz", hash = "sha256:a83aca08fbe7aacb79fec788c9c0bac936343560ed9ec18b82a13a12c28d2abb"},
]

[package.dependencies]
hpack = ">=4.0,<5"
hyperframe = ">=6.0,<7"

[[package]]
name = "hpack"
version = "4.0.0"
description = "Pure-Python HPACK header compression"
optional = false
python-versions = ">=3.6.1"
groups = ["main"]
files = [
    {file = "hpack-4.0.0-py3-none-any.whl", hash = "sha256:84a076fad3dc9a9f8063ccb8041ef100867b1878b25ef0ee63847a5d53818a6c"},
    {file = "hpack-4.0.0.tar.gz", hash = "sha256:fc41de0c63e687ebffde81187a948221294896f6bdc0ae2312708df339430095"},
]

[[package]]
name = "httpcore"
version = "1.0.9"
description = "A minimal low-level HTTP client."
optional = false
python-versions = ">=3.8"
groups = ["main"]
files = [
    {file = "httpcore-1.0.9-py3-none-any.whl", hash = "sha256:2d400746a40668fc9dec9810239072b40b4484b640a8c38fd654a024c7a1bf55"},
    {file = "httpcore-1.0.9.tar.gz", hash = "sha256:6e34463af53fd2ab5d807f399a9b45ea31c3dfa2276f15a2c3f00afff6e176e8"},
]

[package.dependencies]
certifi = "*"
h11 = ">=0.16"

[package.extras]
asyncio = ["anyio (>=4.0,<5.0)"]
http2 = ["h2 (>=3,<5)"]
socks = ["socksio (==1.*)"]
trio = ["trio (>=0.22.0,<1.0)"]

[[package]]
name = "httpx"
version = "0.28.1"
description = "The next generation HTTP client."
optional = false
python-versions = ">=3.8"
groups = ["main"]
files = [
    {file = "httpx-0.28.1-py3-none-any.whl", hash = "sha256:d909fcccc110f8c7faf814ca82a9a4d816bc5a6dbfea25d6591d6985b8ba59ad"},
    {file = "httpx-0.28.1.tar.gz", hash = "sha256:75e98c5f16b0f35b567856f597f06ff2270a374470a5c2392242528e3e3e42fc"},
]

[package.dependencies]
anyio = "*"
certifi = "*"
h2 = {version = ">=3,<5", optional = true, markers = "extra == \"http2\""}
httpcore = "==1.*"
idna = "*"

[package.extras]
brotli = ["brotli ; platform_python_implementation == \"CPython\"", "brotlicffi ; platform_python_implementation != \"CPython\""]
cli = ["click (==8.*)", "pygments (==2.*)", "rich (>=10,<14)"]
http2 = ["h2 (>=3,<5)"]
socks = ["socksio (==1.*)"]
zstd = ["zstandard (>=0.18.0)"]

[[package]]
name = "humanfriendly"
version = "10.0"
description = "Human friendly output for text interfaces using Python"
optional = true
python-versions = ">=2.7, !=3.0.*, !=3.1.*, !=3.2.*, !=3.3.*, !=3.4.*"
groups = ["main"]
markers = "extra == \"ui\""
files = [
    {file = "humanfriendly-10.0-py2.py3-none-any.whl", hash = "sha256:1697e1a8a8f550fd43c2865cd84542fc175a61dcb779b6fee18cf6b6ccba1477"},
    {file = "humanfriendly-10.0.tar.gz", hash = "sha256:6b0b831ce8f15f7300721aa49829fc4e83921a9a301cc7f606be6686a2288ddc"},
]

[package.dependencies]
pyreadline3 = {version = "*", markers = "sys_platform == \"win32\" and python_version >= \"3.8\""}

[[package]]
name = "hyperframe"
version = "6.0.1"
description = "HTTP/2 framing layer for Python"
optional = false
python-versions = ">=3.6.1"
groups = ["main"]
files = [
    {file = "hyperframe-6.0.1-py3-none-any.whl", hash = "sha256:0ec6bafd80d8ad2195c4f03aacba3a8265e57bc4cff261e802bf39970ed02a15"},
    {file = "hyperframe-6.0.1.tar.gz", hash = "sha256:ae510046231dc8e9ecb1a6586f63d2347bf4c8905914aa84ba585ae85f28a914"},
]

[[package]]
name = "idna"
version = "3.4"
description = "Internationalized Domain Names in Applications (IDNA)"
optional = false
python-versions = ">=3.5"
groups = ["main"]
files = [
    {file = "idna-3.4-py3-none-any.whl", hash = "sha256:90b77e79eaa3eba6de819a0c442c0b4ceefc341a7a2ab77d7562bf49f425c5c2"},
    {file = "idna-3.4.tar.gz", hash = "sha256:814f528e8dead7d329833b91c5faa87d60bf71824cd12a7530b5526063d02cb4"},
]

[[package]]
name = "orjson"
version = "3.11.0"
description = "Fast, correct Python JSON library supporting dataclasses, datetimes, and numpy"
optional = true
python-versions = ">=3.9"
groups = ["main"]
markers = "extra == \"speedups\""
files = [
    {file = "orjson-3.11.0-cp310-cp310-macosx_10_15_x86_64.macosx_11_0_arm64.macosx_10_15_universal2.whl", hash = "sha256:b8913baba9751f7400f8fa4ec18a8b618ff01177490842e39e47b66c1b04bc79"},
    {file = "orjson-3.11.0-cp310-cp310-manylinux_2_17_aarch64.manylinux2014_aarch64.whl", hash = "sha256:9d4d86910554de5c9c87bc560b3bdd315cc3988adbdc2acf5dda3797079407ed"},
    {file = "orjson-3.11.0-cp310-cp310-manylinux_2_17_armv7l.manylinux2014_armv7l.whl", hash = "sha256:84ae3d329360cf18fb61b67c505c00dedb61b0ee23abfd50f377a58e7d7bed06"},
    {file = "orjson-3.11.0-cp310-cp310-manylinux_2_17_i686.manylinux2014_i686.whl", hash = "sha256:47a54e660414baacd71ebf41a69bb17ea25abb3c5b69ce9e13e43be7ac20e342"},
    {file = "orjson-3.11.0-cp310-cp310-manylinux_2_17_ppc64le.manylinux2014_ppc64le.whl", hash = "sha256:2560b740604751854be146169c1de7e7ee1e6120b00c1788ec3f3a012c6a243f"},
    {file = "orjson-3.11.0-cp310-cp310-manylinux_2_17_s390x.manylinux2014_s390x.whl", hash = "sha256:dd7f9cd995da9e46fbac0a371f0ff6e89a21d8ecb7a8a113c0acb147b0a32f73"},
    {file = "orjson-3.11.0-cp310-cp310-manylinux_2_17_x86_64.manylinux2014_x86_64.whl", hash = "sha256:7cf728cb3a013bdf9f4132575404bf885aa773d8bb4205656575e1890fc91990"},
    {file = "orjson-3.11.0-cp310-cp310-musllinux_1_2_aarch64.whl", hash = "sha256:c27de273320294121200440cd5002b6aeb922d3cb9dab3357087c69f04ca6934"},
    {file = "orjson-3.11.0-cp310-cp310-musllinux_1_2_armv7l.whl", hash = "sha256:4430ec6ff1a1f4595dd7e0fad991bdb2fed65401ed294984c490ffa025926325"},
    {file = "orjson-3.11.0-cp310-cp310-musllinux_1_2_i686.whl", hash = "sha256:325be41a8d7c227d460a9795a181511ba0e731cf3fee088c63eb47e706ea7559"},
    {file = "orjson-3.11.0-cp310-cp310-musllinux_1_2_x86_64.whl", hash = "sha256:d9760217b84d1aee393b4436fbe9c639e963ec7bc0f2c074581ce5fb3777e466"},
    {file = "orjson-3.11.0-cp310-cp310-win32.whl", hash = "sha256:fe36e5012f886ff91c68b87a499c227fa220e9668cea96335219874c8be5fab5"},
    {file = "orjson-3.11.0-cp310-cp310-win_amd64.whl", hash = "sha256:ebeecd5d5511b3ca9dc4e7db0ab95266afd41baf424cc2fad8c2d3a3cdae650a"},
    {file = "orjson-3.11.0-cp311-cp311-macosx_10_15_x86_64.macosx_11_0_arm64.macosx_10_15_universal2.whl", hash = "sha256:1785df7ada75c18411ff7e20ac822af904a40161ea9dfe8c55b3f6b66939add6"},
    {file = "orjson-3.11.0-cp311-cp311-macosx_15_0_arm64.whl", hash = "sha256:a57899bebbcea146616a2426d20b51b3562b4bc9f8039a3bd14fae361c23053d"},
    {file = "orjson-3.11.0-cp311-cp311-manylinux_2_17_aarch64.manylinux2014_aarch64.whl", hash = "sha256:9b6fbc2fc825aff1456dd358c11a0ad7912a4cb4537d3db92e5334af7463a967"},
    {file = "orjson-3.11.0-cp311-cp311-manylinux_2_17_armv7l.manylinux2014_armv7l.whl", hash = "sha256:4305a638f4cf9bed3746ca3b7c242f14e05177d5baec2527026e0f9ee6c24fb7"},
    {file = "orjson-3.11.0-cp311-cp311-manylinux_2_17_i686.manylinux2014_i686.whl", hash = "sha256:1235fe7bbc37164f69302199d46f29cfb874018738714dccc5a5a44042c79c77"},
    {file = "orjson-3.11.0-cp311-cp311-manylinux_2_17_ppc64le.manylinux2014_ppc64le.whl", hash = "sha256:a640e3954e7b4fcb160097551e54cafbde9966be3991932155b71071077881aa"},
    {file = "orjson-3.11.0-cp311-cp311-manylinux_2_17_s390x.manylinux2014_s390x.whl", hash = "sha256:6d750b97d22d5566955e50b02c622f3a1d32744d7a578c878b29a873190ccb7a"},
    {file = "orjson-3.11.0-cp311-cp311-manylinux_2_17_x86_64.manylinux2014_x86_64.whl", hash = "sha256:4bfcfe498484161e011f8190a400591c52b026de96b3b3cbd3f21e8999b9dc0e"},
    {file = "orjson-3.11.0-cp311-cp311-musllinux_1_2_aarch64.whl", hash = "sha256:feaed3ed43a1d2df75c039798eb5ec92c350c7d86be53369bafc4f3700ce7df2"},
    {file = "orjson-3.11.0-cp311-cp311-musllinux_1_2_armv7l.whl", hash = "sha256:aa1120607ec8fc98acf8c54aac6fb0b7b003ba883401fa2d261833111e2fa071"},
    {file = "orjson-3.11.0-cp311-cp311-musllinux_1_2_i686.whl", hash = "sha256:c4b48d9775b0cf1f0aca734f4c6b272cbfacfac38e6a455e6520662f9434afb7"},
    {file = "orjson-3.11.0-cp311-cp311-musllinux_1_2_x86_64.whl", hash = "sha256:f018ed1986d79434ac712ff19f951cd00b4dfcb767444410fbb834ebec160abf"},
    {file = "orjson-3.11.0-cp311-cp311-win32.whl", hash = "sha256:08e191f8a55ac2c00be48e98a5d10dca004cbe8abe73392c55951bfda60fc123"},
    {file = "orjson-3.11.0-cp311-cp311-win_amd64.whl", hash = "sha256:b5a4214ea59c8a3b56f8d484b28114af74e9fba0956f9be5c3ce388ae143bf1f"},
    {file = "orjson-3.11.0-cp311-cp311-win_arm64.whl", hash = "sha256:57e8e7198a679ab21241ab3f355a7990c7447559e35940595e628c107ef23736"},
    {file = "orjson-3.11.0-cp312-cp312-macosx_10_15_x86_64.macosx_11_0_arm64.macosx_10_15_universal2.whl", hash = "sha256:b4089f940c638bb1947d54e46c1cd58f4259072fcc97bc833ea9c78903150ac9"},
    {file = "orjson-3.11.0-cp312-cp312-macosx_15_0_arm64.whl", hash = "sha256:8335a0ba1c26359fb5c82d643b4c1abbee2bc62875e0f2b5bde6c8e9e25eb68c"},
    {file = "orjson-3.11.0-cp312-cp312-manylinux_2_17_aarch64.manylinux2014_aarch64.whl", hash = "sha256:63c1c9772dafc811d16d6a7efa3369a739da15d1720d6e58ebe7562f54d6f4a2"},
    {file = "orjson-3.11.0-cp312-cp312-manylinux_2_17_armv7l.manylinux2014_armv7l.whl", hash = "sha256:9457ccbd8b241fb4ba516417a4c5b95ba0059df4ac801309bcb4ec3870f45ad9"},
    {file = "orjson-3.11.0-cp312-cp312-manylinux_2_17_i686.manylinux2014_i686.whl", hash = "sha256:0846e13abe79daece94a00b92574f294acad1d362be766c04245b9b4dd0e47e1"},
    {file = "orjson-3.11.0-cp312-cp312-manylinux_2_17_ppc64le.manylinux2014_ppc64le.whl", hash = "sha256:5587c85ae02f608a3f377b6af9eb04829606f518257cbffa8f5081c1aacf2e2f"},
    {file = "orjson-3.11.0-cp312-cp312-manylinux_2_17_s390x.manylinux2014_s390x.whl", hash = "sha256:c7a1964a71c1567b4570c932a0084ac24ad52c8cf6253d1881400936565ed438"},
    {file = "orjson-3.11.0-cp312-cp312-manylinux_2_17_x86_64.manylinux2014_x86_64.whl", hash = "sha256:b5a8243e73690cc6e9151c9e1dd046a8f21778d775f7d478fa1eb4daa4897c61"},
    {file = "orjson-3.11.0-cp312-cp312-musllinux_1_2_aarch64.whl", hash = "sha256:51646f6d995df37b6e1b628f092f41c0feccf1d47e3452c6e95e2474b547d842"},
    {file = "orjson-3.11.0-cp312-cp312-musllinux_1_2_armv7l.whl", hash = "sha256:2fb8ca8f0b4e31b8aaec674c7540649b64ef02809410506a44dc68d31bd5647b"},
    {file = "orjson-3.11.0-cp312-cp312-musllinux_1_2_i686.whl", hash = "sha256:64a6a3e94a44856c3f6557e6aa56a6686544fed9816ae0afa8df9077f5759791"},
    {file = "orjson-3.11.0-cp312-cp312-musllinux_1_2_x86_64.whl", hash = "sha256:d69f95d484938d8fab5963e09131bcf9fbbb81fa4ec132e316eb2fb9adb8ce78"},
    {file = "orjson-3.11.0-cp312-cp312-win32.whl", hash = "sha256:8514f9f9c667ce7d7ef709ab1a73e7fcab78c297270e90b1963df7126d2b0e23"},
    {file = "orjson-3.11.0-cp312-cp312-win_amd64.whl", hash = "sha256:41b38a894520b8cb5344a35ffafdf6ae8042f56d16771b2c5eb107798cee85ee"},
    {file = "orjson-3.11.0-cp312-cp312-win_arm64.whl", hash = "sha256:5579acd235dd134467340b2f8a670c1c36023b5a69c6a3174c4792af7502bd92"},
    {file = "orjson-3.11.0-cp313-cp313-macosx_10_15_x86_64.macosx_11_0_arm64.macosx_10_15_universal2.whl", hash = "sha256:4a8ba9698655e16746fdf5266939427da0f9553305152aeb1a1cc14974a19cfb"},
    {file = "orjson-3.11.0-cp313-cp313-macosx_15_0_arm64.whl", hash = "sha256:67133847f9a35a5ef5acfa3325d4a2f7fe05c11f1505c4117bb086fc06f2a58f"},
    {file = "orjson-3.11.0-cp313-cp313-manylinux_2_17_aarch64.manylinux2014_aarch64.whl", hash = "sha256:5f797d57814975b78f5f5423acb003db6f9be5186b72d48bd97a1000e89d331d"},
    {file = "orjson-3.11.0-cp313-cp313-manylinux_2_17_armv7l.manylinux2014_armv7l.whl", hash = "sha256:28acd19822987c5163b9e03a6e60853a52acfee384af2b394d11cb413b889246"},
    {file = "orjson-3.11.0-cp313-cp313-manylinux_2_17_i686.manylinux2014_i686.whl", hash = "sha256:e8d38d9e1e2cf9729658e35956cf01e13e89148beb4cb9e794c9c10c5cb252f8"},
    {file = "orjson-3.11.0-cp313-cp313-manylinux_2_17_ppc64le.manylinux2014_ppc64le.whl", hash = "sha256:05f094edd2b782650b0761fd78858d9254de1c1286f5af43145b3d08cdacfd51"},
    {file = "orjson-3.11.0-cp313-cp313-manylinux_2_17_s390x.manylinux2014_s390x.whl", hash = "sha256:6d09176a4a9e04a5394a4a0edd758f645d53d903b306d02f2691b97d5c736a9e"},
    {file = "orjson-3.11.0-cp313-cp313-manylinux_2_17_x86_64.manylinux2014_x86_64.whl", hash = "sha256:2a585042104e90a61eda2564d11317b6a304eb4e71cd33e839f5af6be56c34d3"},
    {file = "orjson-3.11.0-cp313-cp313-musllinux_1_2_aarch64.whl", hash = "sha256:d2218629dbfdeeb5c9e0573d59f809d42f9d49ae6464d2f479e667aee14c3ef4"},
    {file = "orjson-3.11.0-cp313-cp313-musllinux_1_2_armv7l.whl", hash = "sha256:613e54a2b10b51b656305c11235a9c4a5c5491ef5c283f86483d4e9e123ed5e4"},
    {file = "orjson-3.11.0-cp313-cp313-musllinux_1_2_i686.whl", hash = "sha256:9dac7fbf3b8b05965986c5cfae051eb9a30fced7f15f1d13a5adc608436eb486"},
    {file = "orjson-3.11.0-cp313-cp313-musllinux_1_2_x86_64.whl", hash = "sha256:93b64b254414e2be55ac5257124b5602c5f0b4d06b80bd27d1165efe8f36e836"},
    {file = "orjson-3.11.0-cp313-cp313-win32.whl", hash = "sha256:359cbe11bc940c64cb3848cf22000d2aef36aff7bfd09ca2c0b9cb309c387132"},
    {file = "orjson-3.11.0-cp313-cp313-win_amd64.whl", hash = "sha256:0759b36428067dc777b202dd286fbdd33d7f261c6455c4238ea4e8474358b1e6"},
    {file = "orjson-3.11.0-cp313-cp313-win_arm64.whl", hash = "sha256:51cdca2f36e923126d0734efaf72ddbb5d6da01dbd20eab898bdc50de80d7b5a"},
    {file = "orjson-3.11.0-cp39-cp39-macosx_10_15_x86_64.macosx_11_0_arm64.macosx_10_15_universal2.whl", hash = "sha256:d79c180cfb3ae68f13245d0ff551dca03d96258aa560830bf8a223bd68d8272c"},
    {file = "orjson-3.11.0-cp39-cp39-manylinux_2_17_aarch64.manylinux2014_aarch64.whl", hash = "sha256:105bca887532dc71ce4b05a5de95dea447a310409d7a8cf0cb1c4a120469e9ad"},
    {file = "orjson-3.11.0-cp39-cp39-manylinux_2_17_armv7l.manylinux2014_armv7l.whl", hash = "sha256:acf5a63ae9cdb88274126af85913ceae554d8fd71122effa24a53227abbeee16"},
    {file = "orjson-3.11.0-cp39-cp39-manylinux_2_17_i686.manylinux2014_i686.whl", hash = "sha256:894635df36c0be32f1c8c8607e853b8865edb58e7618e57892e85d06418723eb"},
    {file = "orjson-3.11.0-cp39-cp39-manylinux_2_17_ppc64le.manylinux2014_ppc64le.whl", hash = "sha256:02dd4f0a1a2be943a104ce5f3ec092631ee3e9f0b4bb9eeee3400430bd94ddef"},
    {file = "orjson-3.11.0-cp39-cp39-manylinux_2_17_s390x.manylinux2014_s390x.whl", hash = "sha256:720b4bb5e1b971960a62c2fa254c2d2a14e7eb791e350d05df8583025aa59d15"},
    {file = "orjson-3.11.0-cp39-cp39-manylinux_2_17_x86_64.manylinux2014_x86_64.whl", hash = "sha256:8bf058105a8aed144e0d1cfe7ac4174748c3fc7203f225abaeac7f4121abccb0"},
    {file = "orjson-3.11.0-cp39-cp39-musllinux_1_2_aarch64.whl", hash = "sha256:a2788f741e5a0e885e5eaf1d91d0c9106e03cb9575b0c55ba36fd3d48b0b1e9b"},
    {file = "orjson-3.11.0-cp39-cp39-musllinux_1_2_armv7l.whl", hash = "sha256:c60c99fe1e15894367b0340b2ff16c7c69f9c3f3a54aa3961a58c102b292ad94"},
    {file = "orjson-3.11.0-cp39-cp39-musllinux_1_2_i686.whl", hash = "sha256:99d17aab984f4d029b8f3c307e6be3c63d9ee5ef55e30d761caf05e883009949"},
    {file = "orjson-3.11.0-cp39-cp39-musllinux_1_2_x86_64.whl", hash = "sha256:e98f02e23611763c9e5dfcb83bd33219231091589f0d1691e721aea9c52bf329"},
    {file = "orjson-3.11.0-cp39-cp39-win32.whl", hash = "sha256:923301f33ea866b18f8836cf41d9c6d33e3b5cab8577d20fed34ec29f0e13a0d"},
    {file = "orjson-3.11.0-cp39-cp39-win_amd64.whl", hash = "sha256:475491bb78af2a0170f49e90013f1a0f1286527f3617491f8940d7e5da862da7"},
    {file = "orjson-3.11.0.tar.gz", hash = "sha256:2e4c129da624f291bcc607016a99e7f04a353f6874f3bd8d9b47b88597d5f700"},
]

[[package]]
name = "pyaes"
version = "1.6.1"
description = "Pure-Python Implementation of the AES block-cipher and common modes of operation"
optional = false
python-versions = "*"
groups = ["main"]
files = [
    {file = "pyaes-1.6.1.tar.gz", hash = "sha256:02c1b1405c38d3c370b085fb952dd8bea3fadcee6411ad99f312cc129c536d8f"},
]

[[package]]
name = "pyasn1"
version = "0.4.8"
description = "ASN.1 types and codecs"
optional = false
python-versions = "*"
groups = ["main"]
files = [
    {file = "pyasn1-0.4.8-py2.py3-none-any.whl", hash = "sha256:39c7e2ec30515947ff4e87fb6f456dfc6e84857d34be479c9d4a4ba4bf46aa5d"},
    {file = "pyasn1-0.4.8.tar.gz", hash = "sha256:aef77c9fb94a3ac588e87841208bdec464471d9871bd5050a287cc9a475cd0ba"},
]

[[package]]
name = "pyreadline3"
version = "3.4.1"
description = "A python implementation of GNU readline."
optional = true
python-versions = "*"
groups = ["main"]
markers = "sys_platform == \"win32\" and extra == \"ui\""
files = [
    {file = "pyreadline3-3.4.1-py3-none-any.whl", hash = "sha256:b0efb6516fd4fb07b45949053826a62fa4cb353db5be2bbb4a7aa1fdd1e345fb"},
    {file = "pyreadline3-3.4.1.tar.gz", hash = "sha256:6f3d1f7b8a31ba32b73917cefc1f28cc660562f39aea8646d30bd6eff21f7bae"},
]

[[package]]
name = "rsa"
version = "4.9"
description = "Pure-Python RSA implementation"
optional = false
python-versions = ">=3.6,<4"
groups = ["main"]
files = [
    {file = "rsa-4.9-py3-none-any.whl", hash = "sha256:90260d9058e514786967344d0ef75fa8727eed8a7d2e43ce9f4bcf1b536174f7"},
    {file = "rsa-4.9.tar.gz", hash = "sha256:e38464a49c6c85d7f1351b0126661487a7e0a14a50f1675ec50eb34d4f20ef21"},
]

[package.dependencies]
pyasn1 = ">=0.1.3"

[[package]]
name = "sniffio"
version = "1.3.0"
description = "Sniff out which async library your code is running under"
optional = false
python-versions = ">=3.7"
groups = ["main"]
files = [
    {file = "sniffio-1.3.0-py3-none-any.whl", hash = "sha256:eecefdce1e5bbfb7ad2eeaabf7c1eeb404d7757c379bd1f7e5cce9d8bf425384"},
    {file = "sniffio-1.3.0.tar.gz", hash = "sha256:e60305c5e5d314f5389259b7f22aaa33d8f7dee49763119234af3755c55b9101"},
]

[[package]]
name = "telethon"
version = "1.40.0"
description = "Full-featured Telegram client library for Python 3"
optional = false
python-versions = ">=3.5"
groups = ["main"]
files = [
    {file = "Telethon-1.40.0-py3-none-any.whl", hash = "sha256:146fd4cb2a7afa66bc67f9c2167756096a37b930f65711a3e7399ec9874dcfa7"},
    {file = "telethon-1.40.0.tar.gz", hash = "sha256:40e83326877a2e68b754d4b6d0d1ca5ac924110045b039e02660f2d67add97db"},
]

[package.dependencies]
pyaes = "*"
rsa = "*"

[package.extras]
cryptg = ["cryptg"]

[[package]]
name = "tqdm"
version = "4.67.1"
description = "Fast, Extensible Progress Meter"
optional = true
python-versions = ">=3.7"
groups = ["main"]
markers = "extra == \"ui\""
files = [
    {file = "tqdm-4.67.1-py3-none-any.whl", hash = "sha256:26445eca388f82e72884e0d580d5464cd801a3ea01e63e5601bdff9ba6a48de2"},
    {file = "tqdm-4.67.1.tar.gz", hash = "sha256:f8aef9c52c08c13a65f30ea34f4e5aac3fd1a34959879d7e59e63027286627f2"},
]

[package.dependencies]
colorama = {version = "*", markers = "platform_system == \"Windows\""}

[package.extras]
dev = ["nbval", "pytest (>=6)", "pytest-asyncio (>=0.24)", "pytest-cov", "pytest-timeout"]
discord = ["requests"]
notebook = ["ipywidgets (>=6)"]
slack = ["slack-sdk"]
telegram = ["requests"]

[[package]]
name = "uvloop"
version = "0.21.0"
description = "Fast implementation of asyncio event loop on top of libuv"
optional = true
python-versions = ">=3.8.0"
groups = ["main"]
markers = "extra == \"speedups\""
files = [
    {file = "uvloop-0.21.0-cp310-cp310-macosx_10_9_universal2.whl", hash = "sha256:ec7e6b09a6fdded42403182ab6b832b71f4edaf7f37a9a0e371a01db5f0cb45f"},
    {file = "uvloop-0.21.0-cp310-cp310-macosx_10_9_x86_64.whl", hash = "sha256:196274f2adb9689a289ad7d65700d37df0c0930fd8e4e743fa4834e850d7719d"},
    {file = "uvloop-0.21.0-cp310-cp310-manylinux_2_17_aarch64.manylinux2014_aarch64.whl", hash = "sha256:f38b2e090258d051d68a5b14d1da7203a3c3677321cf32a95a6f4db4dd8b6f26"},
    {file = "uvloop-0.21.0-cp310-cp310-manylinux_2_17_x86_64.manylinux2014_x86_64.whl", hash = "sha256:87c43e0f13022b998eb9b973b5e97200c8b90823454d4bc06ab33829e09fb9bb"},
    {file = "uvloop-0.21.0-cp310-cp310-musllinux_1_2_aarch64.whl", hash = "sha256:10d66943def5fcb6e7b37310eb6b5639fd2ccbc38df1177262b0640c3ca68c1f"},
    {file = "uvloop-0.21.0-cp310-cp310-musllinux_1_2_x86_64.whl", hash = "sha256:67dd654b8ca23aed0a8e99010b4c34aca62f4b7fce88f39d452ed7622c94845c"},
    {file = "uvloop-0.21.0-cp311-cp311-macosx_10_9_universal2.whl", hash = "sha256:c0f3fa6200b3108919f8bdabb9a7f87f20e7097ea3c543754cabc7d717d95cf8"},
    {file = "uvloop-0.21.0-cp311-cp311-macosx_10_9_x86_64.whl", hash = "sha256:0878c2640cf341b269b7e128b1a5fed890adc4455513ca710d77d5e93aa6d6a0"},
    {file = "uvloop-0.21.0-cp311-cp311-manylinux_2_17_aarch64.manylinux2014_aarch64.whl", hash = "sha256:b9fb766bb57b7388745d8bcc53a359b116b8a04c83a2288069809d2b3466c37e"},
    {file = "uvloop-0.21.0-cp311-cp311-manylinux_2_17_x86_64.manylinux2014_x86_64.whl", hash = "sha256:8a375441696e2eda1c43c44ccb66e04d61ceeffcd76e4929e527b7fa401b90fb"},
    {file = "uvloop-0.21.0-cp311-cp311-musllinux_1_2_aarch64.whl", hash = "sha256:baa0e6291d91649c6ba4ed4b2f982f9fa165b5bbd50a9e203c416a2797bab3c6"},
    {file = "uvloop-0.21.0-cp311-cp311-musllinux_1_2_x86_64.whl", hash = "sha256:4509360fcc4c3bd2c70d87573ad472de40c13387f5fda8cb58350a1d7475e58d"},
    {file = "uvloop-0.21.0-cp312-cp312-macosx_10_13_universal2.whl", hash = "sha256:359ec2c888397b9e592a889c4d72ba3d6befba8b2bb01743f72fffbde663b59c"},
    {file = "uvloop-0.21.0-cp312-cp312-macosx_10_13_x86_64.whl", hash = "sha256:f7089d2dc73179ce5ac255bdf37c236a9f914b264825fdaacaded6990a7fb4c2"},
    {file = "uvloop-0.21.0-cp312-cp312-manylinux_2_17_aarch64.manylinux2014_aarch64.whl", hash = "sha256:baa4dcdbd9ae0a372f2167a207cd98c9f9a1ea1188a8a526431eef2f8116cc8d"},
    {file = "uvloop-0.21.0-cp312-cp312-manylinux_2_17_x86_64.manylinux2014_x86_64.whl", hash = "sha256:86975dca1c773a2c9864f4c52c5a55631038e387b47eaf56210f873887b6c8dc"},
    {file = "uvloop-0.21.0-cp312-cp312-musllinux_1_2_aarch64.whl", hash = "sha256:461d9ae6660fbbafedd07559c6a2e57cd553b34b0065b6550685f6653a98c1cb"},
    {file = "uvloop-0.21.0-cp312-cp312-musllinux_1_2_x86_64.whl", hash = "sha256:183aef7c8730e54c9a3ee3227464daed66e37ba13040bb3f350bc2ddc040f22f"},
    {file = "uvloop-0.21.0-cp313-cp313-macosx_10_13_universal2.whl", hash = "sha256:bfd55dfcc2a512316e65f16e503e9e450cab148ef11df4e4e679b5e8253a5281"},
    {file = "uvloop-0.21.0-cp313-cp313-macosx_10_13_x86_64.whl", hash = "sha256:787ae31ad8a2856fc4e7c095341cccc7209bd657d0e71ad0dc2ea83c4a6fa8af"},
    {file = "uvloop-0.21.0-cp313-cp313-manylinux_2_17_aarch64.manylinux2014_aarch64.whl", hash = "sha256:5ee4d4ef48036ff6e5cfffb09dd192c7a5027153948d85b8da7ff705065bacc6"},
    {file = "uvloop-0.21.0-cp313-cp313-manylinux_2_17_x86_64.manylinux2014_x86_64.whl", hash = "sha256:f3df876acd7ec037a3d005b3ab85a7e4110422e4d9c1571d4fc89b0fc41b6816"},
    {file = "uvloop-0.21.0-cp313-cp313-musllinux_1_2_aarch64.whl", hash = "sha256:bd53ecc9a0f3d87ab847503c2e1552b690362e005ab54e8a48ba97da3924c0dc"},
    {file = "uvloop-0.21.0-cp313-cp313-musllinux_1_2_x86_64.whl", hash = "sha256:a5c39f217ab3c663dc699c04cbd50c13813e31d917642d459fdcec07555cc553"},
    {file = "uvloop-0.21.0-cp38-cp38-macosx_10_9_universal2.whl", hash = "sha256:17df489689befc72c39a08359efac29bbee8eee5209650d4b9f34df73d22e414"},
    {file = "uvloop-0.21.0-cp38-cp38-macosx_10_9_x86_64.whl", hash = "sha256:bc09f0ff191e61c2d592a752423c767b4ebb2986daa9ed62908e2b1b9a9ae206"},
    {file = "uvloop-0.21.0-cp38-cp38-manylinux_2_17_aarch64.manylinux2014_aarch64.whl", hash = "sha256:f0ce1b49560b1d2d8a2977e3ba4afb2414fb46b86a1b64056bc4ab929efdafbe"},
    {file = "uvloop-0.21.0-cp38-cp38-manylinux_2_17_x86_64.manylinux2014_x86_64.whl", hash = "sha256:e678ad6fe52af2c58d2ae3c73dc85524ba8abe637f134bf3564ed07f555c5e79"},
    {file = "uvloop-0.21.0-cp38-cp38-musllinux_1_2_aarch64.whl", hash = "sha256:460def4412e473896ef179a1671b40c039c7012184b627898eea5072ef6f017a"},
    {file = "uvloop-0.21.0-cp38-cp38-musllinux_1_2_x86_64.whl", hash = "sha256:10da8046cc4a8f12c91a1c39d1dd1585c41162a15caaef165c2174db9ef18bdc"},
    {file = "uvloop-0.21.0-cp39-cp39-macosx_10_9_universal2.whl", hash = "sha256:c097078b8031190c934ed0ebfee8cc5f9ba9642e6eb88322b9958b649750f72b"},
    {file = "uvloop-0.21.0-cp39-cp39-macosx_10_9_x86_64.whl", hash = "sha256:46923b0b5ee7fc0020bef24afe7836cb068f5050ca04caf6b487c513dc1a20b2"},
    {file = "uvloop-0.21.0-cp39-cp39-manylinux_2_17_aarch64.manylinux2014_aarch64.whl", hash = "sha256:53e420a3afe22cdcf2a0f4846e377d16e718bc70103d7088a4f7623567ba5fb0"},
    {file = "uvloop-0.21.0-cp39-cp39-manylinux_2_17_x86_64.manylinux2014_x86_64.whl", hash = "sha256:88cb67cdbc0e483da00af0b2c3cdad4b7c61ceb1ee0f33fe00e09c81e3a6cb75"},
    {file = "uvloop-0.21.0-cp39-cp39-musllinux_1_2_aarch64.whl", hash = "sha256:221f4f2a1f46032b403bf3be628011caf75428ee3cc204a22addf96f586b19fd"},
    {file = "uvloop-0.21.0-cp39-cp39-musllinux_1_2_x86_64.whl", hash = "sha256:2d1f581393673ce119355d56da84fe1dd9d2bb8b3d13ce792524e1607139feff"},
    {file = "uvloop-0.21.0.tar.gz", hash = "sha256:3bf12b0fda68447806a7ad847bfa591613177275d35b6724b1ee573faa3704e3"},
]

[package.extras]
dev = ["Cython (>=3.0,<4.0)", "setuptools (>=60)"]
docs = ["Sphinx (>=4.1.2,<4.2.0)", "sphinx-rtd-theme (>=0.5.2,<0.6.0)", "sphinxcontrib-asyncio (>=0.3.0,<0.4.0)"]
test = ["aiohttp (>=3.10.5)", "flake8 (>=5.0,<6.0)", "mypy (>=0.800)", "psutil", "pyOpenSSL (>=23.0.0,<23.1.0)", "pycodestyle (>=2.9.0,<2.10.0)"]

[extras]
speedups = ["cryptg", "orjson", "uvloop"]
ui = ["coloredlogs", "tqdm"]

[metadata]
lock-version = "2.1"
python-versions = "^3.11"
content-hash = "6b6cd37c8c7db7d77ed969fb208a9634bfc2e6acfab74e814f3ce8985327a0b2"
